
Microsoft Visual Studio Solution File, Format Version 12.00
# Visual Studio Version 16
VisualStudioVersion = 16.0.31624.102
MinimumVisualStudioVersion = 10.0.40219.1
Project("{9A19103F-16F7-4668-BE54-9A1E7A4F7556}") = "TDDcSharpAlgoAndData", "TDDcSharpAlgoAndData\TDDcSharpAlgoAndData.csproj", "{4FC08E5E-9D61-425D-819F-BAC6E6A7C566}"
EndProject
Project("{9A19103F-16F7-4668-BE54-9A1E7A4F7556}") = "Algorithms", "Algorithms\Algorithms.csproj", "{3247C454-673F-4E18-8006-3DF68081EC79}"
	ProjectSection(ProjectDependencies) = postProject
		{43EB3FED-B283-411E-9FFE-13E610F7891A} = {43EB3FED-B283-411E-9FFE-13E610F7891A}
	EndProjectSection
EndProject
Project("{9A19103F-16F7-4668-BE54-9A1E7A4F7556}") = "DataStructures", "DataStructures\DataStructures.csproj", "{43EB3FED-B283-411E-9FFE-13E610F7891A}"
EndProject
Project("{9A19103F-16F7-4668-BE54-9A1E7A4F7556}") = "cSharpConcepts", "cSharpConcepts\cSharpConcepts.csproj", "{255D08A5-CC6A-4A44-BDA2-0F4DBC5216D0}"
EndProject
Global
	GlobalSection(SolutionConfigurationPlatforms) = preSolution
		Debug|Any CPU = Debug|Any CPU
		Release|Any CPU = Release|Any CPU
	EndGlobalSection
	GlobalSection(ProjectConfigurationPlatforms) = postSolution
		{4FC08E5E-9D61-425D-819F-BAC6E6A7C566}.Debug|Any CPU.ActiveCfg = Debug|Any CPU
		{4FC08E5E-9D61-425D-819F-BAC6E6A7C566}.Debug|Any CPU.Build.0 = Debug|Any CPU
		{4FC08E5E-9D61-425D-819F-BAC6E6A7C566}.Release|Any CPU.ActiveCfg = Release|Any CPU
		{4FC08E5E-9D61-425D-819F-BAC6E6A7C566}.Release|Any CPU.Build.0 = Release|Any CPU
		{3247C454-673F-4E18-8006-3DF68081EC79}.Debug|Any CPU.ActiveCfg = Debug|Any CPU
		{3247C454-673F-4E18-8006-3DF68081EC79}.Debug|Any CPU.Build.0 = Debug|Any CPU
		{3247C454-673F-4E18-8006-3DF68081EC79}.Release|Any CPU.ActiveCfg = Release|Any CPU
		{3247C454-673F-4E18-8006-3DF68081EC79}.Release|Any CPU.Build.0 = Release|Any CPU
		{43EB3FED-B283-411E-9FFE-13E610F7891A}.Debug|Any CPU.ActiveCfg = Debug|Any CPU
		{43EB3FED-B283-411E-9FFE-13E610F7891A}.Debug|Any CPU.Build.0 = Debug|Any CPU
		{43EB3FED-B283-411E-9FFE-13E610F7891A}.Release|Any CPU.ActiveCfg = Release|Any CPU
		{43EB3FED-B283-411E-9FFE-13E610F7891A}.Release|Any CPU.Build.0 = Release|Any CPU
		{255D08A5-CC6A-4A44-BDA2-0F4DBC5216D0}.Debug|Any CPU.ActiveCfg = Debug|Any CPU
		{255D08A5-CC6A-4A44-BDA2-0F4DBC5216D0}.Debug|Any CPU.Build.0 = Debug|Any CPU
		{255D08A5-CC6A-4A44-BDA2-0F4DBC5216D0}.Release|Any CPU.ActiveCfg = Release|Any CPU
		{255D08A5-CC6A-4A44-BDA2-0F4DBC5216D0}.Release|Any CPU.Build.0 = Release|Any CPU
	EndGlobalSection
	GlobalSection(SolutionProperties) = preSolution
		HideSolutionNode = FALSE
	EndGlobalSection
	GlobalSection(ExtensibilityGlobals) = postSolution
		SolutionGuid = {00DBD535-315A-4157-9C05-9F9F43B17D5C}
	EndGlobalSection
EndGlobal
